// !$*UTF8*$!
{
	archiveVersion = 1;
	classes = {
	};
	objectVersion = 56;
	objects = {

/* Begin PBXBuildFile section */
		1AC4BF3829D53DB30041D133 /* MacCatalystMontereyTextSelectionCrashFix.swift in Sources */ = {isa = PBXBuildFile; fileRef = 1AC4BF3729D53DB30041D133 /* MacCatalystMontereyTextSelectionCrashFix.swift */; };
		1AE2C12629D429F6002D364D /* AppDelegate.swift in Sources */ = {isa = PBXBuildFile; fileRef = 1AE2C12529D429F6002D364D /* AppDelegate.swift */; };
		1AE2C12829D429F6002D364D /* SceneDelegate.swift in Sources */ = {isa = PBXBuildFile; fileRef = 1AE2C12729D429F6002D364D /* SceneDelegate.swift */; };
		1AE2C12A29D429F6002D364D /* ViewController.swift in Sources */ = {isa = PBXBuildFile; fileRef = 1AE2C12929D429F6002D364D /* ViewController.swift */; };
		1AE2C12D29D429F6002D364D /* Main.storyboard in Resources */ = {isa = PBXBuildFile; fileRef = 1AE2C12B29D429F6002D364D /* Main.storyboard */; };
		1AE2C12F29D429F8002D364D /* Assets.xcassets in Resources */ = {isa = PBXBuildFile; fileRef = 1AE2C12E29D429F8002D364D /* Assets.xcassets */; };
		1AE2C13229D429F8002D364D /* LaunchScreen.storyboard in Resources */ = {isa = PBXBuildFile; fileRef = 1AE2C13029D429F8002D364D /* LaunchScreen.storyboard */; };
		1AE2C13D29D429F8002D364D /* testTextSelectionTests.swift in Sources */ = {isa = PBXBuildFile; fileRef = 1AE2C13C29D429F8002D364D /* testTextSelectionTests.swift */; };
		1AE2C14729D429F8002D364D /* testTextSelectionUITests.swift in Sources */ = {isa = PBXBuildFile; fileRef = 1AE2C14629D429F8002D364D /* testTextSelectionUITests.swift */; };
		1AE2C14929D429F8002D364D /* testTextSelectionUITestsLaunchTests.swift in Sources */ = {isa = PBXBuildFile; fileRef = 1AE2C14829D429F8002D364D /* testTextSelectionUITestsLaunchTests.swift */; };
/* End PBXBuildFile section */

/* Begin PBXContainerItemProxy section */
		1AE2C13929D429F8002D364D /* PBXContainerItemProxy */ = {
			isa = PBXContainerItemProxy;
			containerPortal = 1AE2C11A29D429F6002D364D /* Project object */;
			proxyType = 1;
			remoteGlobalIDString = 1AE2C12129D429F6002D364D;
			remoteInfo = testTextSelection;
		};
		1AE2C14329D429F8002D364D /* PBXContainerItemProxy */ = {
			isa = PBXContainerItemProxy;
			containerPortal = 1AE2C11A29D429F6002D364D /* Project object */;
			proxyType = 1;
			remoteGlobalIDString = 1AE2C12129D429F6002D364D;
			remoteInfo = testTextSelection;
		};
/* End PBXContainerItemProxy section */

/* Begin PBXFileReference section */
		1AC4BF3729D53DB30041D133 /* MacCatalystMontereyTextSelectionCrashFix.swift */ = {isa = PBXFileReference; lastKnownFileType = sourcecode.swift; path = MacCatalystMontereyTextSelectionCrashFix.swift; sourceTree = "<group>"; };
		1AE2C12229D429F6002D364D /* testTextSelection.app */ = {isa = PBXFileReference; explicitFileType = wrapper.application; includeInIndex = 0; path = testTextSelection.app; sourceTree = BUILT_PRODUCTS_DIR; };
		1AE2C12529D429F6002D364D /* AppDelegate.swift */ = {isa = PBXFileReference; lastKnownFileType = sourcecode.swift; path = AppDelegate.swift; sourceTree = "<group>"; };
		1AE2C12729D429F6002D364D /* SceneDelegate.swift */ = {isa = PBXFileReference; lastKnownFileType = sourcecode.swift; path = SceneDelegate.swift; sourceTree = "<group>"; };
		1AE2C12929D429F6002D364D /* ViewController.swift */ = {isa = PBXFileReference; lastKnownFileType = sourcecode.swift; path = ViewController.swift; sourceTree = "<group>"; };
		1AE2C12C29D429F6002D364D /* Base */ = {isa = PBXFileReference; lastKnownFileType = file.storyboard; name = Base; path = Base.lproj/Main.storyboard; sourceTree = "<group>"; };
		1AE2C12E29D429F8002D364D /* Assets.xcassets */ = {isa = PBXFileReference; lastKnownFileType = folder.assetcatalog; path = Assets.xcassets; sourceTree = "<group>"; };
		1AE2C13129D429F8002D364D /* Base */ = {isa = PBXFileReference; lastKnownFileType = file.storyboard; name = Base; path = Base.lproj/LaunchScreen.storyboard; sourceTree = "<group>"; };
		1AE2C13329D429F8002D364D /* Info.plist */ = {isa = PBXFileReference; lastKnownFileType = text.plist.xml; path = Info.plist; sourceTree = "<group>"; };
		1AE2C13829D429F8002D364D /* testTextSelectionTests.xctest */ = {isa = PBXFileReference; explicitFileType = wrapper.cfbundle; includeInIndex = 0; path = testTextSelectionTests.xctest; sourceTree = BUILT_PRODUCTS_DIR; };
		1AE2C13C29D429F8002D364D /* testTextSelectionTests.swift */ = {isa = PBXFileReference; lastKnownFileType = sourcecode.swift; path = testTextSelectionTests.swift; sourceTree = "<group>"; };
		1AE2C14229D429F8002D364D /* testTextSelectionUITests.xctest */ = {isa = PBXFileReference; explicitFileType = wrapper.cfbundle; includeInIndex = 0; path = testTextSelectionUITests.xctest; sourceTree = BUILT_PRODUCTS_DIR; };
		1AE2C14629D429F8002D364D /* testTextSelectionUITests.swift */ = {isa = PBXFileReference; lastKnownFileType = sourcecode.swift; path = testTextSelectionUITests.swift; sourceTree = "<group>"; };
		1AE2C14829D429F8002D364D /* testTextSelectionUITestsLaunchTests.swift */ = {isa = PBXFileReference; lastKnownFileType = sourcecode.swift; path = testTextSelectionUITestsLaunchTests.swift; sourceTree = "<group>"; };
		1AE2C15529D42BD0002D364D /* testTextSelection.entitlements */ = {isa = PBXFileReference; lastKnownFileType = text.plist.entitlements; path = testTextSelection.entitlements; sourceTree = "<group>"; };
/* End PBXFileReference section */

/* Begin PBXFrameworksBuildPhase section */
		1AE2C11F29D429F6002D364D /* Frameworks */ = {
			isa = PBXFrameworksBuildPhase;
			buildActionMask = 2147483647;
			files = (
			);
			runOnlyForDeploymentPostprocessing = 0;
		};
		1AE2C13529D429F8002D364D /* Frameworks */ = {
			isa = PBXFrameworksBuildPhase;
			buildActionMask = 2147483647;
			files = (
			);
			runOnlyForDeploymentPostprocessing = 0;
		};
		1AE2C13F29D429F8002D364D /* Frameworks */ = {
			isa = PBXFrameworksBuildPhase;
			buildActionMask = 2147483647;
			files = (
			);
			runOnlyForDeploymentPostprocessing = 0;
		};
/* End PBXFrameworksBuildPhase section */

/* Begin PBXGroup section */
		1AE2C11929D429F6002D364D = {
			isa = PBXGroup;
			children = (
				1AE2C12429D429F6002D364D /* testTextSelection */,
				1AE2C13B29D429F8002D364D /* testTextSelectionTests */,
				1AE2C14529D429F8002D364D /* testTextSelectionUITests */,
				1AE2C12329D429F6002D364D /* Products */,
			);
			sourceTree = "<group>";
		};
		1AE2C12329D429F6002D364D /* Products */ = {
			isa = PBXGroup;
			children = (
				1AE2C12229D429F6002D364D /* testTextSelection.app */,
				1AE2C13829D429F8002D364D /* testTextSelectionTests.xctest */,
				1AE2C14229D429F8002D364D /* testTextSelectionUITests.xctest */,
			);
			name = Products;
			sourceTree = "<group>";
		};
		1AE2C12429D429F6002D364D /* testTextSelection */ = {
			isa = PBXGroup;
			children = (
				1AE2C15529D42BD0002D364D /* testTextSelection.entitlements */,
				1AE2C12529D429F6002D364D /* AppDelegate.swift */,
				1AE2C12729D429F6002D364D /* SceneDelegate.swift */,
				1AE2C12929D429F6002D364D /* ViewController.swift */,
				1AE2C12B29D429F6002D364D /* Main.storyboard */,
				1AE2C12E29D429F8002D364D /* Assets.xcassets */,
				1AE2C13029D429F8002D364D /* LaunchScreen.storyboard */,
				1AE2C13329D429F8002D364D /* Info.plist */,
				1AC4BF3729D53DB30041D133 /* MacCatalystMontereyTextSelectionCrashFix.swift */,
			);
			path = testTextSelection;
			sourceTree = "<group>";
		};
		1AE2C13B29D429F8002D364D /* testTextSelectionTests */ = {
			isa = PBXGroup;
			children = (
				1AE2C13C29D429F8002D364D /* testTextSelectionTests.swift */,
			);
			path = testTextSelectionTests;
			sourceTree = "<group>";
		};
		1AE2C14529D429F8002D364D /* testTextSelectionUITests */ = {
			isa = PBXGroup;
			children = (
				1AE2C14629D429F8002D364D /* testTextSelectionUITests.swift */,
				1AE2C14829D429F8002D364D /* testTextSelectionUITestsLaunchTests.swift */,
			);
			path = testTextSelectionUITests;
			sourceTree = "<group>";
		};
/* End PBXGroup section */

/* Begin PBXNativeTarget section */
		1AE2C12129D429F6002D364D /* testTextSelection */ = {
			isa = PBXNativeTarget;
			buildConfigurationList = 1AE2C14C29D429F8002D364D /* Build configuration list for PBXNativeTarget "testTextSelection" */;
			buildPhases = (
				1AE2C11E29D429F6002D364D /* Sources */,
				1AE2C11F29D429F6002D364D /* Frameworks */,
				1AE2C12029D429F6002D364D /* Resources */,
			);
			buildRules = (
			);
			dependencies = (
			);
			name = testTextSelection;
			productName = testTextSelection;
			productReference = 1AE2C12229D429F6002D364D /* testTextSelection.app */;
			productType = "com.apple.product-type.application";
		};
		1AE2C13729D429F8002D364D /* testTextSelectionTests */ = {
			isa = PBXNativeTarget;
			buildConfigurationList = 1AE2C14F29D429F8002D364D /* Build configuration list for PBXNativeTarget "testTextSelectionTests" */;
			buildPhases = (
				1AE2C13429D429F8002D364D /* Sources */,
				1AE2C13529D429F8002D364D /* Frameworks */,
				1AE2C13629D429F8002D364D /* Resources */,
			);
			buildRules = (
			);
			dependencies = (
				1AE2C13A29D429F8002D364D /* PBXTargetDependency */,
			);
			name = testTextSelectionTests;
			productName = testTextSelectionTests;
			productReference = 1AE2C13829D429F8002D364D /* testTextSelectionTests.xctest */;
			productType = "com.apple.product-type.bundle.unit-test";
		};
		1AE2C14129D429F8002D364D /* testTextSelectionUITests */ = {
			isa = PBXNativeTarget;
			buildConfigurationList = 1AE2C15229D429F8002D364D /* Build configuration list for PBXNativeTarget "testTextSelectionUITests" */;
			buildPhases = (
				1AE2C13E29D429F8002D364D /* Sources */,
				1AE2C13F29D429F8002D364D /* Frameworks */,
				1AE2C14029D429F8002D364D /* Resources */,
			);
			buildRules = (
			);
			dependencies = (
				1AE2C14429D429F8002D364D /* PBXTargetDependency */,
			);
			name = testTextSelectionUITests;
			productName = testTextSelectionUITests;
			productReference = 1AE2C14229D429F8002D364D /* testTextSelectionUITests.xctest */;
			productType = "com.apple.product-type.bundle.ui-testing";
		};
/* End PBXNativeTarget section */

/* Begin PBXProject section */
		1AE2C11A29D429F6002D364D /* Project object */ = {
			isa = PBXProject;
			attributes = {
				BuildIndependentTargetsInParallel = 1;
				LastSwiftUpdateCheck = 1420;
				LastUpgradeCheck = 1420;
				TargetAttributes = {
					1AE2C12129D429F6002D364D = {
						CreatedOnToolsVersion = 14.2;
					};
					1AE2C13729D429F8002D364D = {
						CreatedOnToolsVersion = 14.2;
						TestTargetID = 1AE2C12129D429F6002D364D;
					};
					1AE2C14129D429F8002D364D = {
						CreatedOnToolsVersion = 14.2;
						TestTargetID = 1AE2C12129D429F6002D364D;
					};
				};
			};
			buildConfigurationList = 1AE2C11D29D429F6002D364D /* Build configuration list for PBXProject "testTextSelection" */;
			compatibilityVersion = "Xcode 14.0";
			developmentRegion = en;
			hasScannedForEncodings = 0;
			knownRegions = (
				en,
				Base,
			);
			mainGroup = 1AE2C11929D429F6002D364D;
			productRefGroup = 1AE2C12329D429F6002D364D /* Products */;
			projectDirPath = "";
			projectRoot = "";
			targets = (
				1AE2C12129D429F6002D364D /* testTextSelection */,
				1AE2C13729D429F8002D364D /* testTextSelectionTests */,
				1AE2C14129D429F8002D364D /* testTextSelectionUITests */,
			);
		};
/* End PBXProject section */

/* Begin PBXResourcesBuildPhase section */
		1AE2C12029D429F6002D364D /* Resources */ = {
			isa = PBXResourcesBuildPhase;
			buildActionMask = 2147483647;
			files = (
				1AE2C13229D429F8002D364D /* LaunchScreen.storyboard in Resources */,
				1AE2C12F29D429F8002D364D /* Assets.xcassets in Resources */,
				1AE2C12D29D429F6002D364D /* Main.storyboard in Resources */,
			);
			runOnlyForDeploymentPostprocessing = 0;
		};
		1AE2C13629D429F8002D364D /* Resources */ = {
			isa = PBXResourcesBuildPhase;
			buildActionMask = 2147483647;
			files = (
			);
			runOnlyForDeploymentPostprocessing = 0;
		};
		1AE2C14029D429F8002D364D /* Resources */ = {
			isa = PBXResourcesBuildPhase;
			buildActionMask = 2147483647;
			files = (
			);
			runOnlyForDeploymentPostprocessing = 0;
		};
/* End PBXResourcesBuildPhase section */

/* Begin PBXSourcesBuildPhase section */
		1AE2C11E29D429F6002D364D /* Sources */ = {
			isa = PBXSourcesBuildPhase;
			buildActionMask = 2147483647;
			files = (
				1AC4BF3829D53DB30041D133 /* MacCatalystMontereyTextSelectionCrashFix.swift in Sources */,
				1AE2C12A29D429F6002D364D /* ViewController.swift in Sources */,
				1AE2C12629D429F6002D364D /* AppDelegate.swift in Sources */,
				1AE2C12829D429F6002D364D /* SceneDelegate.swift in Sources */,
			);
			runOnlyForDeploymentPostprocessing = 0;
		};
		1AE2C13429D429F8002D364D /* Sources */ = {
			isa = PBXSourcesBuildPhase;
			buildActionMask = 2147483647;
			files = (
				1AE2C13D29D429F8002D364D /* testTextSelectionTests.swift in Sources */,
			);
			runOnlyForDeploymentPostprocessing = 0;
		};
		1AE2C13E29D429F8002D364D /* Sources */ = {
			isa = PBXSourcesBuildPhase;
			buildActionMask = 2147483647;
			files = (
				1AE2C14929D429F8002D364D /* testTextSelectionUITestsLaunchTests.swift in Sources */,
				1AE2C14729D429F8002D364D /* testTextSelectionUITests.swift in Sources */,
			);
			runOnlyForDeploymentPostprocessing = 0;
		};
/* End PBXSourcesBuildPhase section */

/* Begin PBXTargetDependency section */
		1AE2C13A29D429F8002D364D /* PBXTargetDependency */ = {
			isa = PBXTargetDependency;
			target = 1AE2C12129D429F6002D364D /* testTextSelection */;
			targetProxy = 1AE2C13929D429F8002D364D /* PBXContainerItemProxy */;
		};
		1AE2C14429D429F8002D364D /* PBXTargetDependency */ = {
			isa = PBXTargetDependency;
			target = 1AE2C12129D429F6002D364D /* testTextSelection */;
			targetProxy = 1AE2C14329D429F8002D364D /* PBXContainerItemProxy */;
		};
/* End PBXTargetDependency section */

/* Begin PBXVariantGroup section */
		1AE2C12B29D429F6002D364D /* Main.storyboard */ = {
			isa = PBXVariantGroup;
			children = (
				1AE2C12C29D429F6002D364D /* Base */,
			);
			name = Main.storyboard;
			sourceTree = "<group>";
		};
		1AE2C13029D429F8002D364D /* LaunchScreen.storyboard */ = {
			isa = PBXVariantGroup;
			children = (
				1AE2C13129D429F8002D364D /* Base */,
			);
			name = LaunchScreen.storyboard;
			sourceTree = "<group>";
		};
/* End PBXVariantGroup section */

/* Begin XCBuildConfiguration section */
		1AE2C14A29D429F8002D364D /* Debug */ = {
			isa = XCBuildConfiguration;
			buildSettings = {
				ALWAYS_SEARCH_USER_PATHS = NO;
				CLANG_ANALYZER_NONNULL = YES;
				CLANG_ANALYZER_NUMBER_OBJECT_CONVERSION = YES_AGGRESSIVE;
				CLANG_CXX_LANGUAGE_STANDARD = "gnu++20";
				CLANG_ENABLE_MODULES = YES;
				CLANG_ENABLE_OBJC_ARC = YES;
				CLANG_ENABLE_OBJC_WEAK = YES;
				CLANG_WARN_BLOCK_CAPTURE_AUTORELEASING = YES;
				CLANG_WARN_BOOL_CONVERSION = YES;
				CLANG_WARN_COMMA = YES;
				CLANG_WARN_CONSTANT_CONVERSION = YES;
				CLANG_WARN_DEPRECATED_OBJC_IMPLEMENTATIONS = YES;
				CLANG_WARN_DIRECT_OBJC_ISA_USAGE = YES_ERROR;
				CLANG_WARN_DOCUMENTATION_COMMENTS = YES;
				CLANG_WARN_EMPTY_BODY = YES;
				CLANG_WARN_ENUM_CONVERSION = YES;
				CLANG_WARN_INFINITE_RECURSION = YES;
				CLANG_WARN_INT_CONVERSION = YES;
				CLANG_WARN_NON_LITERAL_NULL_CONVERSION = YES;
				CLANG_WARN_OBJC_IMPLICIT_RETAIN_SELF = YES;
				CLANG_WARN_OBJC_LITERAL_CONVERSION = YES;
				CLANG_WARN_OBJC_ROOT_CLASS = YES_ERROR;
				CLANG_WARN_QUOTED_INCLUDE_IN_FRAMEWORK_HEADER = YES;
				CLANG_WARN_RANGE_LOOP_ANALYSIS = YES;
				CLANG_WARN_STRICT_PROTOTYPES = YES;
				CLANG_WARN_SUSPICIOUS_MOVE = YES;
				CLANG_WARN_UNGUARDED_AVAILABILITY = YES_AGGRESSIVE;
				CLANG_WARN_UNREACHABLE_CODE = YES;
				CLANG_WARN__DUPLICATE_METHOD_MATCH = YES;
				COPY_PHASE_STRIP = NO;
				DEBUG_INFORMATION_FORMAT = dwarf;
				ENABLE_STRICT_OBJC_MSGSEND = YES;
				ENABLE_TESTABILITY = YES;
				GCC_C_LANGUAGE_STANDARD = gnu11;
				GCC_DYNAMIC_NO_PIC = NO;
				GCC_NO_COMMON_BLOCKS = YES;
				GCC_OPTIMIZATION_LEVEL = 0;
				GCC_PREPROCESSOR_DEFINITIONS = (
					"DEBUG=1",
					"$(inherited)",
				);
				GCC_WARN_64_TO_32_BIT_CONVERSION = YES;
				GCC_WARN_ABOUT_RETURN_TYPE = YES_ERROR;
				GCC_WARN_UNDECLARED_SELECTOR = YES;
				GCC_WARN_UNINITIALIZED_AUTOS = YES_AGGRESSIVE;
				GCC_WARN_UNUSED_FUNCTION = YES;
				GCC_WARN_UNUSED_VARIABLE = YES;
				IPHONEOS_DEPLOYMENT_TARGET = 14.5;
				MTL_ENABLE_DEBUG_INFO = INCLUDE_SOURCE;
				MTL_FAST_MATH = YES;
				ONLY_ACTIVE_ARCH = YES;
				SDKROOT = iphoneos;
				SWIFT_ACTIVE_COMPILATION_CONDITIONS = DEBUG;
				SWIFT_OPTIMIZATION_LEVEL = "-Onone";
			};
			name = Debug;
		};
		1AE2C14B29D429F8002D364D /* Release */ = {
			isa = XCBuildConfiguration;
			buildSettings = {
				ALWAYS_SEARCH_USER_PATHS = NO;
				CLANG_ANALYZER_NONNULL = YES;
				CLANG_ANALYZER_NUMBER_OBJECT_CONVERSION = YES_AGGRESSIVE;
				CLANG_CXX_LANGUAGE_STANDARD = "gnu++20";
				CLANG_ENABLE_MODULES = YES;
				CLANG_ENABLE_OBJC_ARC = YES;
				CLANG_ENABLE_OBJC_WEAK = YES;
				CLANG_WARN_BLOCK_CAPTURE_AUTORELEASING = YES;
				CLANG_WARN_BOOL_CONVERSION = YES;
				CLANG_WARN_COMMA = YES;
				CLANG_WARN_CONSTANT_CONVERSION = YES;
				CLANG_WARN_DEPRECATED_OBJC_IMPLEMENTATIONS = YES;
				CLANG_WARN_DIRECT_OBJC_ISA_USAGE = YES_ERROR;
				CLANG_WARN_DOCUMENTATION_COMMENTS = YES;
				CLANG_WARN_EMPTY_BODY = YES;
				CLANG_WARN_ENUM_CONVERSION = YES;
				CLANG_WARN_INFINITE_RECURSION = YES;
				CLANG_WARN_INT_CONVERSION = YES;
				CLANG_WARN_NON_LITERAL_NULL_CONVERSION = YES;
				CLANG_WARN_OBJC_IMPLICIT_RETAIN_SELF = YES;
				CLANG_WARN_OBJC_LITERAL_CONVERSION = YES;
				CLANG_WARN_OBJC_ROOT_CLASS = YES_ERROR;
				CLANG_WARN_QUOTED_INCLUDE_IN_FRAMEWORK_HEADER = YES;
				CLANG_WARN_RANGE_LOOP_ANALYSIS = YES;
				CLANG_WARN_STRICT_PROTOTYPES = YES;
				CLANG_WARN_SUSPICIOUS_MOVE = YES;
				CLANG_WARN_UNGUARDED_AVAILABILITY = YES_AGGRESSIVE;
				CLANG_WARN_UNREACHABLE_CODE = YES;
				CLANG_WARN__DUPLICATE_METHOD_MATCH = YES;
				COPY_PHASE_STRIP = NO;
				DEBUG_INFORMATION_FORMAT = "dwarf-with-dsym";
				ENABLE_NS_ASSERTIONS = NO;
				ENABLE_STRICT_OBJC_MSGSEND = YES;
				GCC_C_LANGUAGE_STANDARD = gnu11;
				GCC_NO_COMMON_BLOCKS = YES;
				GCC_WARN_64_TO_32_BIT_CONVERSION = YES;
				GCC_WARN_ABOUT_RETURN_TYPE = YES_ERROR;
				GCC_WARN_UNDECLARED_SELECTOR = YES;
				GCC_WARN_UNINITIALIZED_AUTOS = YES_AGGRESSIVE;
				GCC_WARN_UNUSED_FUNCTION = YES;
				GCC_WARN_UNUSED_VARIABLE = YES;
				IPHONEOS_DEPLOYMENT_TARGET = 14.5;
				MTL_ENABLE_DEBUG_INFO = NO;
				MTL_FAST_MATH = YES;
				SDKROOT = iphoneos;
				SWIFT_COMPILATION_MODE = wholemodule;
				SWIFT_OPTIMIZATION_LEVEL = "-O";
				VALIDATE_PRODUCT = YES;
			};
			name = Release;
		};
		1AE2C14D29D429F8002D364D /* Debug */ = {
			isa = XCBuildConfiguration;
			buildSettings = {
				ASSETCATALOG_COMPILER_APPICON_NAME = AppIcon;
				ASSETCATALOG_COMPILER_GLOBAL_ACCENT_COLOR_NAME = AccentColor;
				CODE_SIGN_ENTITLEMENTS = testTextSelection/testTextSelection.entitlements;
				CODE_SIGN_STYLE = Automatic;
				CURRENT_PROJECT_VERSION = 1;
				DEVELOPMENT_TEAM = H5BVQ8XRL4;
				GENERATE_INFOPLIST_FILE = YES;
				INFOPLIST_FILE = testTextSelection/Info.plist;
				INFOPLIST_KEY_UIApplicationSupportsIndirectInputEvents = YES;
				INFOPLIST_KEY_UILaunchStoryboardName = LaunchScreen;
				INFOPLIST_KEY_UIMainStoryboardFile = Main;
				INFOPLIST_KEY_UISupportedInterfaceOrientations_iPad = "UIInterfaceOrientationPortrait UIInterfaceOrientationPortraitUpsideDown UIInterfaceOrientationLandscapeLeft UIInterfaceOrientationLandscapeRight";
				INFOPLIST_KEY_UISupportedInterfaceOrientations_iPhone = "UIInterfaceOrientationPortrait UIInterfaceOrientationLandscapeLeft UIInterfaceOrientationLandscapeRight";
				LD_RUNPATH_SEARCH_PATHS = (
					"$(inherited)",
					"@executable_path/Frameworks",
				);
				MARKETING_VERSION = 1.0;
				PRODUCT_BUNDLE_IDENTIFIER = com.goodnotesapp.testTextSelection;
				PRODUCT_NAME = "$(TARGET_NAME)";
				SUPPORTED_PLATFORMS = "iphoneos iphonesimulator";
				SUPPORTS_MACCATALYST = YES;
				SUPPORTS_MAC_DESIGNED_FOR_IPHONE_IPAD = YES;
				SWIFT_EMIT_LOC_STRINGS = YES;
				SWIFT_VERSION = 5.0;
				TARGETED_DEVICE_FAMILY = "1,2";
			};
			name = Debug;
		};
		1AE2C14E29D429F8002D364D /* Release */ = {
			isa = XCBuildConfiguration;
			buildSettings = {
				ASSETCATALOG_COMPILER_APPICON_NAME = AppIcon;
				ASSETCATALOG_COMPILER_GLOBAL_ACCENT_COLOR_NAME = AccentColor;
				CODE_SIGN_ENTITLEMENTS = testTextSelection/testTextSelection.entitlements;
				CODE_SIGN_STYLE = Automatic;
				CURRENT_PROJECT_VERSION = 1;
				DEVELOPMENT_TEAM = H5BVQ8XRL4;
				GENERATE_INFOPLIST_FILE = YES;
				INFOPLIST_FILE = testTextSelection/Info.plist;
				INFOPLIST_KEY_UIApplicationSupportsIndirectInputEvents = YES;
				INFOPLIST_KEY_UILaunchStoryboardName = LaunchScreen;
				INFOPLIST_KEY_UIMainStoryboardFile = Main;
				INFOPLIST_KEY_UISupportedInterfaceOrientations_iPad = "UIInterfaceOrientationPortrait UIInterfaceOrientationPortraitUpsideDown UIInterfaceOrientationLandscapeLeft UIInterfaceOrientationLandscapeRight";
				INFOPLIST_KEY_UISupportedInterfaceOrientations_iPhone = "UIInterfaceOrientationPortrait UIInterfaceOrientationLandscapeLeft UIInterfaceOrientationLandscapeRight";
				LD_RUNPATH_SEARCH_PATHS = (
					"$(inherited)",
					"@executable_path/Frameworks",
				);
				MARKETING_VERSION = 1.0;
				PRODUCT_BUNDLE_IDENTIFIER = com.goodnotesapp.testTextSelection;
				PRODUCT_NAME = "$(TARGET_NAME)";
				SUPPORTED_PLATFORMS = "iphoneos iphonesimulator";
				SUPPORTS_MACCATALYST = YES;
				SUPPORTS_MAC_DESIGNED_FOR_IPHONE_IPAD = YES;
				SWIFT_EMIT_LOC_STRINGS = YES;
				SWIFT_VERSION = 5.0;
				TARGETED_DEVICE_FAMILY = "1,2";
			};
			name = Release;
		};
		1AE2C15029D429F8002D364D /* Debug */ = {
			isa = XCBuildConfiguration;
			buildSettings = {
				ALWAYS_EMBED_SWIFT_STANDARD_LIBRARIES = YES;
				BUNDLE_LOADER = "$(TEST_HOST)";
				CODE_SIGN_STYLE = Automatic;
				CURRENT_PROJECT_VERSION = 1;
				GENERATE_INFOPLIST_FILE = YES;
				IPHONEOS_DEPLOYMENT_TARGET = 16.2;
				MARKETING_VERSION = 1.0;
				PRODUCT_BUNDLE_IDENTIFIER = com.goodnotesapp.testTextSelectionTests;
				PRODUCT_NAME = "$(TARGET_NAME)";
				SWIFT_EMIT_LOC_STRINGS = NO;
				SWIFT_VERSION = 5.0;
				TARGETED_DEVICE_FAMILY = "1,2";
				TEST_HOST = "$(BUILT_PRODUCTS_DIR)/testTextSelection.app/$(BUNDLE_EXECUTABLE_FOLDER_PATH)/testTextSelection";
			};
			name = Debug;
		};
		1AE2C15129D429F8002D364D /* Release */ = {
			isa = XCBuildConfiguration;
			buildSettings = {
				ALWAYS_EMBED_SWIFT_STANDARD_LIBRARIES = YES;
				BUNDLE_LOADER = "$(TEST_HOST)";
				CODE_SIGN_STYLE = Automatic;
				CURRENT_PROJECT_VERSION = 1;
				GENERATE_INFOPLIST_FILE = YES;
				IPHONEOS_DEPLOYMENT_TARGET = 16.2;
				MARKETING_VERSION = 1.0;
				PRODUCT_BUNDLE_IDENTIFIER = com.goodnotesapp.testTextSelectionTests;
				PRODUCT_NAME = "$(TARGET_NAME)";
				SWIFT_EMIT_LOC_STRINGS = NO;
				SWIFT_VERSION = 5.0;
				TARGETED_DEVICE_FAMILY = "1,2";
				TEST_HOST = "$(BUILT_PRODUCTS_DIR)/testTextSelection.app/$(BUNDLE_EXECUTABLE_FOLDER_PATH)/testTextSelection";
			};
			name = Release;
		};
		1AE2C15329D429F8002D364D /* Debug */ = {
			isa = XCBuildConfiguration;
			buildSettings = {
				ALWAYS_EMBED_SWIFT_STANDARD_LIBRARIES = YES;
				CODE_SIGN_STYLE = Automatic;
				CURRENT_PROJECT_VERSION = 1;
				GENERATE_INFOPLIST_FILE = YES;
				MARKETING_VERSION = 1.0;
				PRODUCT_BUNDLE_IDENTIFIER = com.goodnotesapp.testTextSelectionUITests;
				PRODUCT_NAME = "$(TARGET_NAME)";
				SWIFT_EMIT_LOC_STRINGS = NO;
				SWIFT_VERSION = 5.0;
				TARGETED_DEVICE_FAMILY = "1,2";
				TEST_TARGET_NAME = testTextSelection;
			};
			name = Debug;
		};
		1AE2C15429D429F8002D364D /* Release */ = {
			isa = XCBuildConfiguration;
			buildSettings = {
				ALWAYS_EMBED_SWIFT_STANDARD_LIBRARIES = YES;
				CODE_SIGN_STYLE = Automatic;
				CURRENT_PROJECT_VERSION = 1;
				GENERATE_INFOPLIST_FILE = YES;
				MARKETING_VERSION = 1.0;
				PRODUCT_BUNDLE_IDENTIFIER = com.goodnotesapp.testTextSelectionUITests;
				PRODUCT_NAME = "$(TARGET_NAME)";
				SWIFT_EMIT_LOC_STRINGS = NO;
				SWIFT_VERSION = 5.0;
				TARGETED_DEVICE_FAMILY = "1,2";
				TEST_TARGET_NAME = testTextSelection;
			};
			name = Release;
		};
/* End XCBuildConfiguration section */

/* Begin XCConfigurationList section */
		1AE2C11D29D429F6002D364D /* Build configuration list for PBXProject "testTextSelection" */ = {
			isa = XCConfigurationList;
			buildConfigurations = (
				1AE2C14A29D429F8002D364D /* Debug */,
				1AE2C14B29D429F8002D364D /* Release */,
			);
			defaultConfigurationIsVisible = 0;
			defaultConfigurationName = Release;
		};
		1AE2C14C29D429F8002D364D /* Build configuration list for PBXNativeTarget "testTextSelection" */ = {
			isa = XCConfigurationList;
			buildConfigurations = (
				1AE2C14D29D429F8002D364D /* Debug */,
				1AE2C14E29D429F8002D364D /* Release */,
			);
			defaultConfigurationIsVisible = 0;
			defaultConfigurationName = Release;
		};
		1AE2C14F29D429F8002D364D /* Build configuration list for PBXNativeTarget "testTextSelectionTests" */ = {
			isa = XCConfigurationList;
			buildConfigurations = (
				1AE2C15029D429F8002D364D /* Debug */,
				1AE2C15129D429F8002D364D /* Release */,
			);
			defaultConfigurationIsVisible = 0;
			defaultConfigurationName = Release;
		};
		1AE2C15229D429F8002D364D /* Build configuration list for PBXNativeTarget "testTextSelectionUITests" */ = {
			isa = XCConfigurationList;
			buildConfigurations = (
				1AE2C15329D429F8002D364D /* Debug */,
				1AE2C15429D429F8002D364D /* Release */,
			);
			defaultConfigurationIsVisible = 0;
			defaultConfigurationName = Release;
		};
/* End XCConfigurationList section */
	};
	rootObject = 1AE2C11A29D429F6002D364D /* Project object */;
}
